// !$*UTF8*$!
{
	archiveVersion = 1;
	classes = {
	};
	objectVersion = 56;
	objects = {

/* Begin PBXBuildFile section */
		BD561D452A3F7A7C00FAAB55 /* CardView.swift in Sources */ = {isa = PBXBuildFile; fileRef = BD561D442A3F7A7C00FAAB55 /* CardView.swift */; };
		BD86E6462A3DB76800083CED /* Magic_x_40kApp.swift in Sources */ = {isa = PBXBuildFile; fileRef = BD86E6452A3DB76800083CED /* Magic_x_40kApp.swift */; };
		BD86E6482A3DB76800083CED /* ContentView.swift in Sources */ = {isa = PBXBuildFile; fileRef = BD86E6472A3DB76800083CED /* ContentView.swift */; };
		BD86E64A2A3DB76A00083CED /* Assets.xcassets in Resources */ = {isa = PBXBuildFile; fileRef = BD86E6492A3DB76A00083CED /* Assets.xcassets */; };
		BD86E64D2A3DB76A00083CED /* Preview Assets.xcassets in Resources */ = {isa = PBXBuildFile; fileRef = BD86E64C2A3DB76A00083CED /* Preview Assets.xcassets */; };
		BDDE3EB42A3F7421003F6F81 /* 40k.json in Resources */ = {isa = PBXBuildFile; fileRef = BDDE3EB32A3F7421003F6F81 /* 40k.json */; };
		BDDE3EBA2A3F7659003F6F81 /* UniversesBeyond.swift in Sources */ = {isa = PBXBuildFile; fileRef = BDDE3EB92A3F7659003F6F81 /* UniversesBeyond.swift */; };
		BDF4A3B22A3DBA82001ACC40 /* Bundle-Decodable.swift in Sources */ = {isa = PBXBuildFile; fileRef = BDF4A3B12A3DBA82001ACC40 /* Bundle-Decodable.swift */; };
/* End PBXBuildFile section */

/* Begin PBXFileReference section */
		BD561D442A3F7A7C00FAAB55 /* CardView.swift */ = {isa = PBXFileReference; lastKnownFileType = sourcecode.swift; path = CardView.swift; sourceTree = "<group>"; };
		BD86E6422A3DB76800083CED /* Magic x 40k.app */ = {isa = PBXFileReference; explicitFileType = wrapper.application; includeInIndex = 0; path = "Magic x 40k.app"; sourceTree = BUILT_PRODUCTS_DIR; };
		BD86E6452A3DB76800083CED /* Magic_x_40kApp.swift */ = {isa = PBXFileReference; lastKnownFileType = sourcecode.swift; path = Magic_x_40kApp.swift; sourceTree = "<group>"; };
		BD86E6472A3DB76800083CED /* ContentView.swift */ = {isa = PBXFileReference; lastKnownFileType = sourcecode.swift; path = ContentView.swift; sourceTree = "<group>"; };
		BD86E6492A3DB76A00083CED /* Assets.xcassets */ = {isa = PBXFileReference; lastKnownFileType = folder.assetcatalog; path = Assets.xcassets; sourceTree = "<group>"; };
		BD86E64C2A3DB76A00083CED /* Preview Assets.xcassets */ = {isa = PBXFileReference; lastKnownFileType = folder.assetcatalog; path = "Preview Assets.xcassets"; sourceTree = "<group>"; };
		BDDE3EB32A3F7421003F6F81 /* 40k.json */ = {isa = PBXFileReference; lastKnownFileType = text.json; path = 40k.json; sourceTree = "<group>"; };
		BDDE3EB92A3F7659003F6F81 /* UniversesBeyond.swift */ = {isa = PBXFileReference; lastKnownFileType = sourcecode.swift; path = UniversesBeyond.swift; sourceTree = "<group>"; };
		BDF4A3B12A3DBA82001ACC40 /* Bundle-Decodable.swift */ = {isa = PBXFileReference; lastKnownFileType = sourcecode.swift; path = "Bundle-Decodable.swift"; sourceTree = "<group>"; };
/* End PBXFileReference section */

/* Begin PBXFrameworksBuildPhase section */
		BD86E63F2A3DB76800083CED /* Frameworks */ = {
			isa = PBXFrameworksBuildPhase;
			buildActionMask = 2147483647;
			files = (
			);
			runOnlyForDeploymentPostprocessing = 0;
		};
/* End PBXFrameworksBuildPhase section */

/* Begin PBXGroup section */
		BD86E6392A3DB76800083CED = {
			isa = PBXGroup;
			children = (
				BD86E6442A3DB76800083CED /* Magic x 40k */,
				BD86E6432A3DB76800083CED /* Products */,
			);
			sourceTree = "<group>";
		};
		BD86E6432A3DB76800083CED /* Products */ = {
			isa = PBXGroup;
			children = (
				BD86E6422A3DB76800083CED /* Magic x 40k.app */,
			);
			name = Products;
			sourceTree = "<group>";
		};
		BD86E6442A3DB76800083CED /* Magic x 40k */ = {
			isa = PBXGroup;
			children = (
				BD86E6452A3DB76800083CED /* Magic_x_40kApp.swift */,
				BD86E6472A3DB76800083CED /* ContentView.swift */,
				BD561D442A3F7A7C00FAAB55 /* CardView.swift */,
				BDDE3EB92A3F7659003F6F81 /* UniversesBeyond.swift */,
				BDDE3EB32A3F7421003F6F81 /* 40k.json */,
				BDF4A3B12A3DBA82001ACC40 /* Bundle-Decodable.swift */,
				BD86E6492A3DB76A00083CED /* Assets.xcassets */,
				BD86E64B2A3DB76A00083CED /* Preview Content */,
			);
			path = "Magic x 40k";
			sourceTree = "<group>";
		};
		BD86E64B2A3DB76A00083CED /* Preview Content */ = {
			isa = PBXGroup;
			children = (
				BD86E64C2A3DB76A00083CED /* Preview Assets.xcassets */,
			);
			path = "Preview Content";
			sourceTree = "<group>";
		};
/* End PBXGroup section */

/* Begin PBXNativeTarget section */
		BD86E6412A3DB76800083CED /* Magic x 40k */ = {
			isa = PBXNativeTarget;
			buildConfigurationList = BD86E6502A3DB76A00083CED /* Build configuration list for PBXNativeTarget "Magic x 40k" */;
			buildPhases = (
				BD86E63E2A3DB76800083CED /* Sources */,
				BD86E63F2A3DB76800083CED /* Frameworks */,
				BD86E6402A3DB76800083CED /* Resources */,
			);
			buildRules = (
			);
			dependencies = (
			);
			name = "Magic x 40k";
			productName = "Magic x 40k";
			productReference = BD86E6422A3DB76800083CED /* Magic x 40k.app */;
			productType = "com.apple.product-type.application";
		};
/* End PBXNativeTarget section */

/* Begin PBXProject section */
		BD86E63A2A3DB76800083CED /* Project object */ = {
			isa = PBXProject;
			attributes = {
				BuildIndependentTargetsInParallel = 1;
				LastSwiftUpdateCheck = 1500;
				LastUpgradeCheck = 1500;
				TargetAttributes = {
					BD86E6412A3DB76800083CED = {
						CreatedOnToolsVersion = 15.0;
					};
				};
			};
			buildConfigurationList = BD86E63D2A3DB76800083CED /* Build configuration list for PBXProject "Magic x 40k" */;
			compatibilityVersion = "Xcode 14.0";
			developmentRegion = en;
			hasScannedForEncodings = 0;
			knownRegions = (
				en,
				Base,
			);
			mainGroup = BD86E6392A3DB76800083CED;
			productRefGroup = BD86E6432A3DB76800083CED /* Products */;
			projectDirPath = "";
			projectRoot = "";
			targets = (
				BD86E6412A3DB76800083CED /* Magic x 40k */,
			);
		};
/* End PBXProject section */

/* Begin PBXResourcesBuildPhase section */
		BD86E6402A3DB76800083CED /* Resources */ = {
			isa = PBXResourcesBuildPhase;
			buildActionMask = 2147483647;
			files = (
				BDDE3EB42A3F7421003F6F81 /* 40k.json in Resources */,
				BD86E64D2A3DB76A00083CED /* Preview Assets.xcassets in Resources */,
				BD86E64A2A3DB76A00083CED /* Assets.xcassets in Resources */,
			);
			runOnlyForDeploymentPostprocessing = 0;
		};
/* End PBXResourcesBuildPhase section */

/* Begin PBXSourcesBuildPhase section */
		BD86E63E2A3DB76800083CED /* Sources */ = {
			isa = PBXSourcesBuildPhase;
			buildActionMask = 2147483647;
			files = (
				BD86E6482A3DB76800083CED /* ContentView.swift in Sources */,
				BDDE3EBA2A3F7659003F6F81 /* UniversesBeyond.swift in Sources */,
				BD86E6462A3DB76800083CED /* Magic_x_40kApp.swift in Sources */,
				BDF4A3B22A3DBA82001ACC40 /* Bundle-Decodable.swift in Sources */,
				BD561D452A3F7A7C00FAAB55 /* CardView.swift in Sources */,
			);
			runOnlyForDeploymentPostprocessing = 0;
		};
/* End PBXSourcesBuildPhase section */

/* Begin XCBuildConfiguration section */
		BD86E64E2A3DB76A00083CED /* Debug */ = {
			isa = XCBuildConfiguration;
			buildSettings = {
				ALWAYS_SEARCH_USER_PATHS = NO;
				ASSETCATALOG_COMPILER_GENERATE_SWIFT_ASSET_SYMBOL_EXTENSIONS = YES;
				CLANG_ANALYZER_NONNULL = YES;
				CLANG_ANALYZER_NUMBER_OBJECT_CONVERSION = YES_AGGRESSIVE;
				CLANG_CXX_LANGUAGE_STANDARD = "gnu++20";
				CLANG_ENABLE_MODULES = YES;
				CLANG_ENABLE_OBJC_ARC = YES;
				CLANG_ENABLE_OBJC_WEAK = YES;
				CLANG_WARN_BLOCK_CAPTURE_AUTORELEASING = YES;
				CLANG_WARN_BOOL_CONVERSION = YES;
				CLANG_WARN_COMMA = YES;
				CLANG_WARN_CONSTANT_CONVERSION = YES;
				CLANG_WARN_DEPRECATED_OBJC_IMPLEMENTATIONS = YES;
				CLANG_WARN_DIRECT_OBJC_ISA_USAGE = YES_ERROR;
				CLANG_WARN_DOCUMENTATION_COMMENTS = YES;
				CLANG_WARN_EMPTY_BODY = YES;
				CLANG_WARN_ENUM_CONVERSION = YES;
				CLANG_WARN_INFINITE_RECURSION = YES;
				CLANG_WARN_INT_CONVERSION = YES;
				CLANG_WARN_NON_LITERAL_NULL_CONVERSION = YES;
				CLANG_WARN_OBJC_IMPLICIT_RETAIN_SELF = YES;
				CLANG_WARN_OBJC_LITERAL_CONVERSION = YES;
				CLANG_WARN_OBJC_ROOT_CLASS = YES_ERROR;
				CLANG_WARN_QUOTED_INCLUDE_IN_FRAMEWORK_HEADER = YES;
				CLANG_WARN_RANGE_LOOP_ANALYSIS = YES;
				CLANG_WARN_STRICT_PROTOTYPES = YES;
				CLANG_WARN_SUSPICIOUS_MOVE = YES;
				CLANG_WARN_UNGUARDED_AVAILABILITY = YES_AGGRESSIVE;
				CLANG_WARN_UNREACHABLE_CODE = YES;
				CLANG_WARN__DUPLICATE_METHOD_MATCH = YES;
				COPY_PHASE_STRIP = NO;
				DEBUG_INFORMATION_FORMAT = dwarf;
				ENABLE_STRICT_OBJC_MSGSEND = YES;
				ENABLE_TESTABILITY = YES;
				ENABLE_USER_SCRIPT_SANDBOXING = YES;
				GCC_C_LANGUAGE_STANDARD = gnu17;
				GCC_DYNAMIC_NO_PIC = NO;
				GCC_NO_COMMON_BLOCKS = YES;
				GCC_OPTIMIZATION_LEVEL = 0;
				GCC_PREPROCESSOR_DEFINITIONS = (
					"DEBUG=1",
					"$(inherited)",
				);
				GCC_WARN_64_TO_32_BIT_CONVERSION = YES;
				GCC_WARN_ABOUT_RETURN_TYPE = YES_ERROR;
				GCC_WARN_UNDECLARED_SELECTOR = YES;
				GCC_WARN_UNINITIALIZED_AUTOS = YES_AGGRESSIVE;
				GCC_WARN_UNUSED_FUNCTION = YES;
				GCC_WARN_UNUSED_VARIABLE = YES;
				IPHONEOS_DEPLOYMENT_TARGET = 17.0;
				LOCALIZATION_PREFERS_STRING_CATALOGS = YES;
				MTL_ENABLE_DEBUG_INFO = INCLUDE_SOURCE;
				MTL_FAST_MATH = YES;
				ONLY_ACTIVE_ARCH = YES;
				SDKROOT = iphoneos;
				SWIFT_ACTIVE_COMPILATION_CONDITIONS = "DEBUG $(inherited)";
				SWIFT_OPTIMIZATION_LEVEL = "-Onone";
			};
			name = Debug;
		};
		BD86E64F2A3DB76A00083CED /* Release */ = {
			isa = XCBuildConfiguration;
			buildSettings = {
				ALWAYS_SEARCH_USER_PATHS = NO;
				ASSETCATALOG_COMPILER_GENERATE_SWIFT_ASSET_SYMBOL_EXTENSIONS = YES;
				CLANG_ANALYZER_NONNULL = YES;
				CLANG_ANALYZER_NUMBER_OBJECT_CONVERSION = YES_AGGRESSIVE;
				CLANG_CXX_LANGUAGE_STANDARD = "gnu++20";
				CLANG_ENABLE_MODULES = YES;
				CLANG_ENABLE_OBJC_ARC = YES;
				CLANG_ENABLE_OBJC_WEAK = YES;
				CLANG_WARN_BLOCK_CAPTURE_AUTORELEASING = YES;
				CLANG_WARN_BOOL_CONVERSION = YES;
				CLANG_WARN_COMMA = YES;
				CLANG_WARN_CONSTANT_CONVERSION = YES;
				CLANG_WARN_DEPRECATED_OBJC_IMPLEMENTATIONS = YES;
				CLANG_WARN_DIRECT_OBJC_ISA_USAGE = YES_ERROR;
				CLANG_WARN_DOCUMENTATION_COMMENTS = YES;
				CLANG_WARN_EMPTY_BODY = YES;
				CLANG_WARN_ENUM_CONVERSION = YES;
				CLANG_WARN_INFINITE_RECURSION = YES;
				CLANG_WARN_INT_CONVERSION = YES;
				CLANG_WARN_NON_LITERAL_NULL_CONVERSION = YES;
				CLANG_WARN_OBJC_IMPLICIT_RETAIN_SELF = YES;
				CLANG_WARN_OBJC_LITERAL_CONVERSION = YES;
				CLANG_WARN_OBJC_ROOT_CLASS = YES_ERROR;
				CLANG_WARN_QUOTED_INCLUDE_IN_FRAMEWORK_HEADER = YES;
				CLANG_WARN_RANGE_LOOP_ANALYSIS = YES;
				CLANG_WARN_STRICT_PROTOTYPES = YES;
				CLANG_WARN_SUSPICIOUS_MOVE = YES;
				CLANG_WARN_UNGUARDED_AVAILABILITY = YES_AGGRESSIVE;
				CLANG_WARN_UNREACHABLE_CODE = YES;
				CLANG_WARN__DUPLICATE_METHOD_MATCH = YES;
				COPY_PHASE_STRIP = NO;
				DEBUG_INFORMATION_FORMAT = "dwarf-with-dsym";
				ENABLE_NS_ASSERTIONS = NO;
				ENABLE_STRICT_OBJC_MSGSEND = YES;
				ENABLE_USER_SCRIPT_SANDBOXING = YES;
				GCC_C_LANGUAGE_STANDARD = gnu17;
				GCC_NO_COMMON_BLOCKS = YES;
				GCC_WARN_64_TO_32_BIT_CONVERSION = YES;
				GCC_WARN_ABOUT_RETURN_TYPE = YES_ERROR;
				GCC_WARN_UNDECLARED_SELECTOR = YES;
				GCC_WARN_UNINITIALIZED_AUTOS = YES_AGGRESSIVE;
				GCC_WARN_UNUSED_FUNCTION = YES;
				GCC_WARN_UNUSED_VARIABLE = YES;
				IPHONEOS_DEPLOYMENT_TARGET = 17.0;
				LOCALIZATION_PREFERS_STRING_CATALOGS = YES;
				MTL_ENABLE_DEBUG_INFO = NO;
				MTL_FAST_MATH = YES;
				SDKROOT = iphoneos;
				SWIFT_COMPILATION_MODE = wholemodule;
				VALIDATE_PRODUCT = YES;
			};
			name = Release;
		};
		BD86E6512A3DB76A00083CED /* Debug */ = {
			isa = XCBuildConfiguration;
			buildSettings = {
				ASSETCATALOG_COMPILER_APPICON_NAME = AppIcon;
				ASSETCATALOG_COMPILER_GLOBAL_ACCENT_COLOR_NAME = AccentColor;
				CODE_SIGN_STYLE = Automatic;
				CURRENT_PROJECT_VERSION = 1;
				DEVELOPMENT_ASSET_PATHS = "\"Magic x 40k/Preview Content\"";
				DEVELOPMENT_TEAM = CB29M8E526;
				ENABLE_PREVIEWS = YES;
				GENERATE_INFOPLIST_FILE = YES;
				INFOPLIST_KEY_UIApplicationSceneManifest_Generation = YES;
				INFOPLIST_KEY_UIApplicationSupportsIndirectInputEvents = YES;
				INFOPLIST_KEY_UILaunchScreen_Generation = YES;
				INFOPLIST_KEY_UISupportedInterfaceOrientations_iPad = "UIInterfaceOrientationPortrait UIInterfaceOrientationPortraitUpsideDown UIInterfaceOrientationLandscapeLeft UIInterfaceOrientationLandscapeRight";
				INFOPLIST_KEY_UISupportedInterfaceOrientations_iPhone = "UIInterfaceOrientationPortrait UIInterfaceOrientationLandscapeLeft UIInterfaceOrientationLandscapeRight";
				LD_RUNPATH_SEARCH_PATHS = (
					"$(inherited)",
					"@executable_path/Frameworks",
				);
				MARKETING_VERSION = 1.0;
				PRODUCT_BUNDLE_IDENTIFIER = "co.jcopeland.Magic-x-40k";
				PRODUCT_NAME = "$(TARGET_NAME)";
				SWIFT_EMIT_LOC_STRINGS = YES;
				SWIFT_VERSION = 5.0;
				TARGETED_DEVICE_FAMILY = "1,2";
			};
			name = Debug;
		};
		BD86E6522A3DB76A00083CED /* Release */ = {
			isa = XCBuildConfiguration;
			buildSettings = {
				ASSETCATALOG_COMPILER_APPICON_NAME = AppIcon;
				ASSETCATALOG_COMPILER_GLOBAL_ACCENT_COLOR_NAME = AccentColor;
				CODE_SIGN_STYLE = Automatic;
				CURRENT_PROJECT_VERSION = 1;
				DEVELOPMENT_ASSET_PATHS = "\"Magic x 40k/Preview Content\"";
				DEVELOPMENT_TEAM = CB29M8E526;
				ENABLE_PREVIEWS = YES;
				GENERATE_INFOPLIST_FILE = YES;
				INFOPLIST_KEY_UIApplicationSceneManifest_Generation = YES;
				INFOPLIST_KEY_UIApplicationSupportsIndirectInputEvents = YES;
				INFOPLIST_KEY_UILaunchScreen_Generation = YES;
				INFOPLIST_KEY_UISupportedInterfaceOrientations_iPad = "UIInterfaceOrientationPortrait UIInterfaceOrientationPortraitUpsideDown UIInterfaceOrientationLandscapeLeft UIInterfaceOrientationLandscapeRight";
				INFOPLIST_KEY_UISupportedInterfaceOrientations_iPhone = "UIInterfaceOrientationPortrait UIInterfaceOrientationLandscapeLeft UIInterfaceOrientationLandscapeRight";
				LD_RUNPATH_SEARCH_PATHS = (
					"$(inherited)",
					"@executable_path/Frameworks",
				);
				MARKETING_VERSION = 1.0;
				PRODUCT_BUNDLE_IDENTIFIER = "co.jcopeland.Magic-x-40k";
				PRODUCT_NAME = "$(TARGET_NAME)";
				SWIFT_EMIT_LOC_STRINGS = YES;
				SWIFT_VERSION = 5.0;
				TARGETED_DEVICE_FAMILY = "1,2";
			};
			name = Release;
		};
/* End XCBuildConfiguration section */

/* Begin XCConfigurationList section */
		BD86E63D2A3DB76800083CED /* Build configuration list for PBXProject "Magic x 40k" */ = {
			isa = XCConfigurationList;
			buildConfigurations = (
				BD86E64E2A3DB76A00083CED /* Debug */,
				BD86E64F2A3DB76A00083CED /* Release */,
			);
			defaultConfigurationIsVisible = 0;
			defaultConfigurationName = Release;
		};
		BD86E6502A3DB76A00083CED /* Build configuration list for PBXNativeTarget "Magic x 40k" */ = {
			isa = XCConfigurationList;
			buildConfigurations = (
				BD86E6512A3DB76A00083CED /* Debug */,
				BD86E6522A3DB76A00083CED /* Release */,
			);
			defaultConfigurationIsVisible = 0;
			defaultConfigurationName = Release;
		};
/* End XCConfigurationList section */
	};
	rootObject = BD86E63A2A3DB76800083CED /* Project object */;
}
