// !$*UTF8*$!
{
	archiveVersion = 1;
	classes = {
	};
	objectVersion = 56;
	objects = {

/* Begin PBXBuildFile section */
		BD077C792AACB46200B7E63B /* keyrune.ttf in Resources */ = {isa = PBXBuildFile; fileRef = BD077C782AACB46200B7E63B /* keyrune.ttf */; };
		BD077C7D2AACC96300B7E63B /* RarityView.swift in Sources */ = {isa = PBXBuildFile; fileRef = BD077C7C2AACC96300B7E63B /* RarityView.swift */; };
		BD1395002B01179D00ADA78E /* CardSwipe.swift in Sources */ = {isa = PBXBuildFile; fileRef = BD1394FF2B01179D00ADA78E /* CardSwipe.swift */; };
		BD1CA1122A487581000B402B /* ImageView.swift in Sources */ = {isa = PBXBuildFile; fileRef = BD1CA1112A487581000B402B /* ImageView.swift */; };
		BD1CA1142A488807000B402B /* BodyView.swift in Sources */ = {isa = PBXBuildFile; fileRef = BD1CA1132A488807000B402B /* BodyView.swift */; };
		BD1F902A2AF3A8050099B34F /* BodyStringView.swift in Sources */ = {isa = PBXBuildFile; fileRef = BD1F90292AF3A8050099B34F /* BodyStringView.swift */; };
		BD1FF00B2A4790FC00556CFE /* MatrixBold.ttf in Resources */ = {isa = PBXBuildFile; fileRef = BD1FF00A2A4790FC00556CFE /* MatrixBold.ttf */; };
		BD663F602AA5C599000A1115 /* HeaderView.swift in Sources */ = {isa = PBXBuildFile; fileRef = BD663F5F2AA5C599000A1115 /* HeaderView.swift */; };
		BD663F622AA5C59E000A1115 /* FooterView.swift in Sources */ = {isa = PBXBuildFile; fileRef = BD663F612AA5C59E000A1115 /* FooterView.swift */; };
		BD663F642AA5C5FD000A1115 /* FrameView.swift in Sources */ = {isa = PBXBuildFile; fileRef = BD663F632AA5C5FD000A1115 /* FrameView.swift */; };
		BD663F662AA5C7CF000A1115 /* CombinedView.swift in Sources */ = {isa = PBXBuildFile; fileRef = BD663F652AA5C7CF000A1115 /* CombinedView.swift */; };
		BD663F6A2AA5CA17000A1115 /* TypeView.swift in Sources */ = {isa = PBXBuildFile; fileRef = BD663F692AA5CA17000A1115 /* TypeView.swift */; };
		BD7D81472AFE2085007A2873 /* Size.swift in Sources */ = {isa = PBXBuildFile; fileRef = BD7D81462AFE2085007A2873 /* Size.swift */; };
		BD86E6462A3DB76800083CED /* Magic_x_40kApp.swift in Sources */ = {isa = PBXBuildFile; fileRef = BD86E6452A3DB76800083CED /* Magic_x_40kApp.swift */; };
		BD86E6482A3DB76800083CED /* ContentView.swift in Sources */ = {isa = PBXBuildFile; fileRef = BD86E6472A3DB76800083CED /* ContentView.swift */; };
		BD86E64A2A3DB76A00083CED /* Assets.xcassets in Resources */ = {isa = PBXBuildFile; fileRef = BD86E6492A3DB76A00083CED /* Assets.xcassets */; };
		BD86E64D2A3DB76A00083CED /* Preview Assets.xcassets in Resources */ = {isa = PBXBuildFile; fileRef = BD86E64C2A3DB76A00083CED /* Preview Assets.xcassets */; };
		BDB042A42ACFF1E0000FD971 /* GradientFill.swift in Sources */ = {isa = PBXBuildFile; fileRef = BDB042A32ACFF1E0000FD971 /* GradientFill.swift */; };
		BDB042A62ACFF24F000FD971 /* BackgroundModifier.swift in Sources */ = {isa = PBXBuildFile; fileRef = BDB042A52ACFF24F000FD971 /* BackgroundModifier.swift */; };
		BDB042A92ACFF42D000FD971 /* EllipticalShapeViews.swift in Sources */ = {isa = PBXBuildFile; fileRef = BDB042A82ACFF42D000FD971 /* EllipticalShapeViews.swift */; };
		BDB042AB2ACFF492000FD971 /* ShadowViews.swift in Sources */ = {isa = PBXBuildFile; fileRef = BDB042AA2ACFF492000FD971 /* ShadowViews.swift */; };
		BDDC02CB2AD2E88D0063796A /* ManaView.swift in Sources */ = {isa = PBXBuildFile; fileRef = BDDC02CA2AD2E88D0063796A /* ManaView.swift */; };
		BDDE3EB42A3F7421003F6F81 /* 40k.json in Resources */ = {isa = PBXBuildFile; fileRef = BDDE3EB32A3F7421003F6F81 /* 40k.json */; };
		BDDE3EBA2A3F7659003F6F81 /* UniversesBeyond.swift in Sources */ = {isa = PBXBuildFile; fileRef = BDDE3EB92A3F7659003F6F81 /* UniversesBeyond.swift */; };
		BDF4A3B22A3DBA82001ACC40 /* Bundle-Decodable.swift in Sources */ = {isa = PBXBuildFile; fileRef = BDF4A3B12A3DBA82001ACC40 /* Bundle-Decodable.swift */; };
/* End PBXBuildFile section */

/* Begin PBXFileReference section */
		BD077C782AACB46200B7E63B /* keyrune.ttf */ = {isa = PBXFileReference; lastKnownFileType = file; name = keyrune.ttf; path = "../../../../../../Library/Mobile Documents/com~apple~CloudDocs/Downloads/keyrune-master-2/fonts/keyrune.ttf"; sourceTree = "<group>"; };
		BD077C7C2AACC96300B7E63B /* RarityView.swift */ = {isa = PBXFileReference; lastKnownFileType = sourcecode.swift; path = RarityView.swift; sourceTree = "<group>"; };
		BD1394FF2B01179D00ADA78E /* CardSwipe.swift */ = {isa = PBXFileReference; lastKnownFileType = sourcecode.swift; path = CardSwipe.swift; sourceTree = "<group>"; };
		BD1CA1112A487581000B402B /* ImageView.swift */ = {isa = PBXFileReference; lastKnownFileType = sourcecode.swift; path = ImageView.swift; sourceTree = "<group>"; };
		BD1CA1132A488807000B402B /* BodyView.swift */ = {isa = PBXFileReference; lastKnownFileType = sourcecode.swift; path = BodyView.swift; sourceTree = "<group>"; };
		BD1F90292AF3A8050099B34F /* BodyStringView.swift */ = {isa = PBXFileReference; lastKnownFileType = sourcecode.swift; path = BodyStringView.swift; sourceTree = "<group>"; };
		BD1FF00A2A4790FC00556CFE /* MatrixBold.ttf */ = {isa = PBXFileReference; lastKnownFileType = file; path = MatrixBold.ttf; sourceTree = "<group>"; };
		BD1FF00C2A47916300556CFE /* Magic-x-40k-Info.plist */ = {isa = PBXFileReference; lastKnownFileType = text.plist; path = "Magic-x-40k-Info.plist"; sourceTree = SOURCE_ROOT; };
		BD663F5F2AA5C599000A1115 /* HeaderView.swift */ = {isa = PBXFileReference; lastKnownFileType = sourcecode.swift; path = HeaderView.swift; sourceTree = "<group>"; };
		BD663F612AA5C59E000A1115 /* FooterView.swift */ = {isa = PBXFileReference; lastKnownFileType = sourcecode.swift; path = FooterView.swift; sourceTree = "<group>"; };
		BD663F632AA5C5FD000A1115 /* FrameView.swift */ = {isa = PBXFileReference; lastKnownFileType = sourcecode.swift; path = FrameView.swift; sourceTree = "<group>"; };
		BD663F652AA5C7CF000A1115 /* CombinedView.swift */ = {isa = PBXFileReference; lastKnownFileType = sourcecode.swift; path = CombinedView.swift; sourceTree = "<group>"; };
		BD663F692AA5CA17000A1115 /* TypeView.swift */ = {isa = PBXFileReference; lastKnownFileType = sourcecode.swift; path = TypeView.swift; sourceTree = "<group>"; };
		BD7D81462AFE2085007A2873 /* Size.swift */ = {isa = PBXFileReference; lastKnownFileType = sourcecode.swift; path = Size.swift; sourceTree = "<group>"; };
		BD86E6422A3DB76800083CED /* Magic x 40k.app */ = {isa = PBXFileReference; explicitFileType = wrapper.application; includeInIndex = 0; path = "Magic x 40k.app"; sourceTree = BUILT_PRODUCTS_DIR; };
		BD86E6452A3DB76800083CED /* Magic_x_40kApp.swift */ = {isa = PBXFileReference; lastKnownFileType = sourcecode.swift; path = Magic_x_40kApp.swift; sourceTree = "<group>"; };
		BD86E6472A3DB76800083CED /* ContentView.swift */ = {isa = PBXFileReference; lastKnownFileType = sourcecode.swift; path = ContentView.swift; sourceTree = "<group>"; };
		BD86E6492A3DB76A00083CED /* Assets.xcassets */ = {isa = PBXFileReference; lastKnownFileType = folder.assetcatalog; path = Assets.xcassets; sourceTree = "<group>"; };
		BD86E64C2A3DB76A00083CED /* Preview Assets.xcassets */ = {isa = PBXFileReference; lastKnownFileType = folder.assetcatalog; path = "Preview Assets.xcassets"; sourceTree = "<group>"; };
		BDB042A32ACFF1E0000FD971 /* GradientFill.swift */ = {isa = PBXFileReference; lastKnownFileType = sourcecode.swift; path = GradientFill.swift; sourceTree = "<group>"; };
		BDB042A52ACFF24F000FD971 /* BackgroundModifier.swift */ = {isa = PBXFileReference; lastKnownFileType = sourcecode.swift; path = BackgroundModifier.swift; sourceTree = "<group>"; };
		BDB042A82ACFF42D000FD971 /* EllipticalShapeViews.swift */ = {isa = PBXFileReference; lastKnownFileType = sourcecode.swift; path = EllipticalShapeViews.swift; sourceTree = "<group>"; };
		BDB042AA2ACFF492000FD971 /* ShadowViews.swift */ = {isa = PBXFileReference; lastKnownFileType = sourcecode.swift; path = ShadowViews.swift; sourceTree = "<group>"; };
		BDDC02CA2AD2E88D0063796A /* ManaView.swift */ = {isa = PBXFileReference; lastKnownFileType = sourcecode.swift; path = ManaView.swift; sourceTree = "<group>"; };
		BDDE3EB32A3F7421003F6F81 /* 40k.json */ = {isa = PBXFileReference; lastKnownFileType = text.json; path = 40k.json; sourceTree = "<group>"; };
		BDDE3EB92A3F7659003F6F81 /* UniversesBeyond.swift */ = {isa = PBXFileReference; lastKnownFileType = sourcecode.swift; path = UniversesBeyond.swift; sourceTree = "<group>"; };
		BDF4A3B12A3DBA82001ACC40 /* Bundle-Decodable.swift */ = {isa = PBXFileReference; lastKnownFileType = sourcecode.swift; path = "Bundle-Decodable.swift"; sourceTree = "<group>"; };
/* End PBXFileReference section */

/* Begin PBXFrameworksBuildPhase section */
		BD86E63F2A3DB76800083CED /* Frameworks */ = {
			isa = PBXFrameworksBuildPhase;
			buildActionMask = 2147483647;
			files = (
			);
			runOnlyForDeploymentPostprocessing = 0;
		};
/* End PBXFrameworksBuildPhase section */

/* Begin PBXGroup section */
		BD1FF0092A4790D200556CFE /* Font */ = {
			isa = PBXGroup;
			children = (
				BD077C782AACB46200B7E63B /* keyrune.ttf */,
				BD1FF00A2A4790FC00556CFE /* MatrixBold.ttf */,
			);
			path = Font;
			sourceTree = "<group>";
		};
		BD663F5A2AA5C455000A1115 /* Card */ = {
			isa = PBXGroup;
			children = (
				BD663F5F2AA5C599000A1115 /* HeaderView.swift */,
				BD663F692AA5CA17000A1115 /* TypeView.swift */,
				BD7D81462AFE2085007A2873 /* Size.swift */,
				BDDC02CA2AD2E88D0063796A /* ManaView.swift */,
				BD077C7C2AACC96300B7E63B /* RarityView.swift */,
				BD1CA1112A487581000B402B /* ImageView.swift */,
				BD1CA1132A488807000B402B /* BodyView.swift */,
				BD1F90292AF3A8050099B34F /* BodyStringView.swift */,
				BD663F612AA5C59E000A1115 /* FooterView.swift */,
				BD663F632AA5C5FD000A1115 /* FrameView.swift */,
				BD663F652AA5C7CF000A1115 /* CombinedView.swift */,
			);
			path = Card;
			sourceTree = "<group>";
		};
		BD86E6392A3DB76800083CED = {
			isa = PBXGroup;
			children = (
				BD86E6442A3DB76800083CED /* Magic x 40k */,
				BD86E6432A3DB76800083CED /* Products */,
			);
			sourceTree = "<group>";
		};
		BD86E6432A3DB76800083CED /* Products */ = {
			isa = PBXGroup;
			children = (
				BD86E6422A3DB76800083CED /* Magic x 40k.app */,
			);
			name = Products;
			sourceTree = "<group>";
		};
		BD86E6442A3DB76800083CED /* Magic x 40k */ = {
			isa = PBXGroup;
			children = (
				BD1FF00C2A47916300556CFE /* Magic-x-40k-Info.plist */,
				BD86E6452A3DB76800083CED /* Magic_x_40kApp.swift */,
				BD1FF0092A4790D200556CFE /* Font */,
				BDB042AD2ACFF71C000FD971 /* ComputedProperties */,
				BDB042A72ACFF34A000FD971 /* Modifiers */,
				BD663F5A2AA5C455000A1115 /* Card */,
				BD86E6472A3DB76800083CED /* ContentView.swift */,
				BD1394FF2B01179D00ADA78E /* CardSwipe.swift */,
				BDDE3EB92A3F7659003F6F81 /* UniversesBeyond.swift */,
				BDDE3EB32A3F7421003F6F81 /* 40k.json */,
				BDF4A3B12A3DBA82001ACC40 /* Bundle-Decodable.swift */,
				BD86E6492A3DB76A00083CED /* Assets.xcassets */,
				BD86E64B2A3DB76A00083CED /* Preview Content */,
			);
			path = "Magic x 40k";
			sourceTree = "<group>";
		};
		BD86E64B2A3DB76A00083CED /* Preview Content */ = {
			isa = PBXGroup;
			children = (
				BD86E64C2A3DB76A00083CED /* Preview Assets.xcassets */,
			);
			path = "Preview Content";
			sourceTree = "<group>";
		};
		BDB042A72ACFF34A000FD971 /* Modifiers */ = {
			isa = PBXGroup;
			children = (
				BDB042A32ACFF1E0000FD971 /* GradientFill.swift */,
				BDB042A52ACFF24F000FD971 /* BackgroundModifier.swift */,
				BDB042A82ACFF42D000FD971 /* EllipticalShapeViews.swift */,
			);
			path = Modifiers;
			sourceTree = "<group>";
		};
		BDB042AD2ACFF71C000FD971 /* ComputedProperties */ = {
			isa = PBXGroup;
			children = (
				BDB042AA2ACFF492000FD971 /* ShadowViews.swift */,
			);
			name = ComputedProperties;
			path = "Computer properties";
			sourceTree = "<group>";
		};
/* End PBXGroup section */

/* Begin PBXNativeTarget section */
		BD86E6412A3DB76800083CED /* Magic x 40k */ = {
			isa = PBXNativeTarget;
			buildConfigurationList = BD86E6502A3DB76A00083CED /* Build configuration list for PBXNativeTarget "Magic x 40k" */;
			buildPhases = (
				BD86E63E2A3DB76800083CED /* Sources */,
				BD86E63F2A3DB76800083CED /* Frameworks */,
				BD86E6402A3DB76800083CED /* Resources */,
			);
			buildRules = (
			);
			dependencies = (
			);
			name = "Magic x 40k";
			productName = "Magic x 40k";
			productReference = BD86E6422A3DB76800083CED /* Magic x 40k.app */;
			productType = "com.apple.product-type.application";
		};
/* End PBXNativeTarget section */

/* Begin PBXProject section */
		BD86E63A2A3DB76800083CED /* Project object */ = {
			isa = PBXProject;
			attributes = {
				BuildIndependentTargetsInParallel = 1;
				LastSwiftUpdateCheck = 1500;
				LastUpgradeCheck = 1500;
				TargetAttributes = {
					BD86E6412A3DB76800083CED = {
						CreatedOnToolsVersion = 15.0;
					};
				};
			};
			buildConfigurationList = BD86E63D2A3DB76800083CED /* Build configuration list for PBXProject "Magic x 40k" */;
			compatibilityVersion = "Xcode 14.0";
			developmentRegion = en;
			hasScannedForEncodings = 0;
			knownRegions = (
				en,
				Base,
			);
			mainGroup = BD86E6392A3DB76800083CED;
			productRefGroup = BD86E6432A3DB76800083CED /* Products */;
			projectDirPath = "";
			projectRoot = "";
			targets = (
				BD86E6412A3DB76800083CED /* Magic x 40k */,
			);
		};
/* End PBXProject section */

/* Begin PBXResourcesBuildPhase section */
		BD86E6402A3DB76800083CED /* Resources */ = {
			isa = PBXResourcesBuildPhase;
			buildActionMask = 2147483647;
			files = (
				BDDE3EB42A3F7421003F6F81 /* 40k.json in Resources */,
				BD077C792AACB46200B7E63B /* keyrune.ttf in Resources */,
				BD1FF00B2A4790FC00556CFE /* MatrixBold.ttf in Resources */,
				BD86E64D2A3DB76A00083CED /* Preview Assets.xcassets in Resources */,
				BD86E64A2A3DB76A00083CED /* Assets.xcassets in Resources */,
			);
			runOnlyForDeploymentPostprocessing = 0;
		};
/* End PBXResourcesBuildPhase section */

/* Begin PBXSourcesBuildPhase section */
		BD86E63E2A3DB76800083CED /* Sources */ = {
			isa = PBXSourcesBuildPhase;
			buildActionMask = 2147483647;
			files = (
				BD663F642AA5C5FD000A1115 /* FrameView.swift in Sources */,
				BD077C7D2AACC96300B7E63B /* RarityView.swift in Sources */,
				BD86E6482A3DB76800083CED /* ContentView.swift in Sources */,
				BDDC02CB2AD2E88D0063796A /* ManaView.swift in Sources */,
				BD1CA1142A488807000B402B /* BodyView.swift in Sources */,
				BDB042AB2ACFF492000FD971 /* ShadowViews.swift in Sources */,
				BD1F902A2AF3A8050099B34F /* BodyStringView.swift in Sources */,
				BDDE3EBA2A3F7659003F6F81 /* UniversesBeyond.swift in Sources */,
				BD86E6462A3DB76800083CED /* Magic_x_40kApp.swift in Sources */,
				BD663F662AA5C7CF000A1115 /* CombinedView.swift in Sources */,
				BDB042A92ACFF42D000FD971 /* EllipticalShapeViews.swift in Sources */,
				BD663F602AA5C599000A1115 /* HeaderView.swift in Sources */,
				BD663F6A2AA5CA17000A1115 /* TypeView.swift in Sources */,
				BDB042A42ACFF1E0000FD971 /* GradientFill.swift in Sources */,
				BD1CA1122A487581000B402B /* ImageView.swift in Sources */,
				BD1395002B01179D00ADA78E /* CardSwipe.swift in Sources */,
				BD7D81472AFE2085007A2873 /* Size.swift in Sources */,
				BDF4A3B22A3DBA82001ACC40 /* Bundle-Decodable.swift in Sources */,
				BDB042A62ACFF24F000FD971 /* BackgroundModifier.swift in Sources */,
				BD663F622AA5C59E000A1115 /* FooterView.swift in Sources */,
			);
			runOnlyForDeploymentPostprocessing = 0;
		};
/* End PBXSourcesBuildPhase section */

/* Begin XCBuildConfiguration section */
		BD86E64E2A3DB76A00083CED /* Debug */ = {
			isa = XCBuildConfiguration;
			buildSettings = {
				ALWAYS_SEARCH_USER_PATHS = NO;
				ASSETCATALOG_COMPILER_GENERATE_SWIFT_ASSET_SYMBOL_EXTENSIONS = YES;
				CLANG_ANALYZER_NONNULL = YES;
				CLANG_ANALYZER_NUMBER_OBJECT_CONVERSION = YES_AGGRESSIVE;
				CLANG_CXX_LANGUAGE_STANDARD = "gnu++20";
				CLANG_ENABLE_MODULES = YES;
				CLANG_ENABLE_OBJC_ARC = YES;
				CLANG_ENABLE_OBJC_WEAK = YES;
				CLANG_WARN_BLOCK_CAPTURE_AUTORELEASING = YES;
				CLANG_WARN_BOOL_CONVERSION = YES;
				CLANG_WARN_COMMA = YES;
				CLANG_WARN_CONSTANT_CONVERSION = YES;
				CLANG_WARN_DEPRECATED_OBJC_IMPLEMENTATIONS = YES;
				CLANG_WARN_DIRECT_OBJC_ISA_USAGE = YES_ERROR;
				CLANG_WARN_DOCUMENTATION_COMMENTS = YES;
				CLANG_WARN_EMPTY_BODY = YES;
				CLANG_WARN_ENUM_CONVERSION = YES;
				CLANG_WARN_INFINITE_RECURSION = YES;
				CLANG_WARN_INT_CONVERSION = YES;
				CLANG_WARN_NON_LITERAL_NULL_CONVERSION = YES;
				CLANG_WARN_OBJC_IMPLICIT_RETAIN_SELF = YES;
				CLANG_WARN_OBJC_LITERAL_CONVERSION = YES;
				CLANG_WARN_OBJC_ROOT_CLASS = YES_ERROR;
				CLANG_WARN_QUOTED_INCLUDE_IN_FRAMEWORK_HEADER = YES;
				CLANG_WARN_RANGE_LOOP_ANALYSIS = YES;
				CLANG_WARN_STRICT_PROTOTYPES = YES;
				CLANG_WARN_SUSPICIOUS_MOVE = YES;
				CLANG_WARN_UNGUARDED_AVAILABILITY = YES_AGGRESSIVE;
				CLANG_WARN_UNREACHABLE_CODE = YES;
				CLANG_WARN__DUPLICATE_METHOD_MATCH = YES;
				COPY_PHASE_STRIP = NO;
				DEBUG_INFORMATION_FORMAT = dwarf;
				ENABLE_STRICT_OBJC_MSGSEND = YES;
				ENABLE_TESTABILITY = YES;
				ENABLE_USER_SCRIPT_SANDBOXING = YES;
				GCC_C_LANGUAGE_STANDARD = gnu17;
				GCC_DYNAMIC_NO_PIC = NO;
				GCC_NO_COMMON_BLOCKS = YES;
				GCC_OPTIMIZATION_LEVEL = 0;
				GCC_PREPROCESSOR_DEFINITIONS = (
					"DEBUG=1",
					"$(inherited)",
				);
				GCC_WARN_64_TO_32_BIT_CONVERSION = YES;
				GCC_WARN_ABOUT_RETURN_TYPE = YES_ERROR;
				GCC_WARN_UNDECLARED_SELECTOR = YES;
				GCC_WARN_UNINITIALIZED_AUTOS = YES_AGGRESSIVE;
				GCC_WARN_UNUSED_FUNCTION = YES;
				GCC_WARN_UNUSED_VARIABLE = YES;
				IPHONEOS_DEPLOYMENT_TARGET = 17.0;
				LOCALIZATION_PREFERS_STRING_CATALOGS = YES;
				MTL_ENABLE_DEBUG_INFO = INCLUDE_SOURCE;
				MTL_FAST_MATH = YES;
				ONLY_ACTIVE_ARCH = YES;
				SDKROOT = iphoneos;
				SWIFT_ACTIVE_COMPILATION_CONDITIONS = "DEBUG $(inherited)";
				SWIFT_OPTIMIZATION_LEVEL = "-Onone";
			};
			name = Debug;
		};
		BD86E64F2A3DB76A00083CED /* Release */ = {
			isa = XCBuildConfiguration;
			buildSettings = {
				ALWAYS_SEARCH_USER_PATHS = NO;
				ASSETCATALOG_COMPILER_GENERATE_SWIFT_ASSET_SYMBOL_EXTENSIONS = YES;
				CLANG_ANALYZER_NONNULL = YES;
				CLANG_ANALYZER_NUMBER_OBJECT_CONVERSION = YES_AGGRESSIVE;
				CLANG_CXX_LANGUAGE_STANDARD = "gnu++20";
				CLANG_ENABLE_MODULES = YES;
				CLANG_ENABLE_OBJC_ARC = YES;
				CLANG_ENABLE_OBJC_WEAK = YES;
				CLANG_WARN_BLOCK_CAPTURE_AUTORELEASING = YES;
				CLANG_WARN_BOOL_CONVERSION = YES;
				CLANG_WARN_COMMA = YES;
				CLANG_WARN_CONSTANT_CONVERSION = YES;
				CLANG_WARN_DEPRECATED_OBJC_IMPLEMENTATIONS = YES;
				CLANG_WARN_DIRECT_OBJC_ISA_USAGE = YES_ERROR;
				CLANG_WARN_DOCUMENTATION_COMMENTS = YES;
				CLANG_WARN_EMPTY_BODY = YES;
				CLANG_WARN_ENUM_CONVERSION = YES;
				CLANG_WARN_INFINITE_RECURSION = YES;
				CLANG_WARN_INT_CONVERSION = YES;
				CLANG_WARN_NON_LITERAL_NULL_CONVERSION = YES;
				CLANG_WARN_OBJC_IMPLICIT_RETAIN_SELF = YES;
				CLANG_WARN_OBJC_LITERAL_CONVERSION = YES;
				CLANG_WARN_OBJC_ROOT_CLASS = YES_ERROR;
				CLANG_WARN_QUOTED_INCLUDE_IN_FRAMEWORK_HEADER = YES;
				CLANG_WARN_RANGE_LOOP_ANALYSIS = YES;
				CLANG_WARN_STRICT_PROTOTYPES = YES;
				CLANG_WARN_SUSPICIOUS_MOVE = YES;
				CLANG_WARN_UNGUARDED_AVAILABILITY = YES_AGGRESSIVE;
				CLANG_WARN_UNREACHABLE_CODE = YES;
				CLANG_WARN__DUPLICATE_METHOD_MATCH = YES;
				COPY_PHASE_STRIP = NO;
				DEBUG_INFORMATION_FORMAT = "dwarf-with-dsym";
				ENABLE_NS_ASSERTIONS = NO;
				ENABLE_STRICT_OBJC_MSGSEND = YES;
				ENABLE_USER_SCRIPT_SANDBOXING = YES;
				GCC_C_LANGUAGE_STANDARD = gnu17;
				GCC_NO_COMMON_BLOCKS = YES;
				GCC_WARN_64_TO_32_BIT_CONVERSION = YES;
				GCC_WARN_ABOUT_RETURN_TYPE = YES_ERROR;
				GCC_WARN_UNDECLARED_SELECTOR = YES;
				GCC_WARN_UNINITIALIZED_AUTOS = YES_AGGRESSIVE;
				GCC_WARN_UNUSED_FUNCTION = YES;
				GCC_WARN_UNUSED_VARIABLE = YES;
				IPHONEOS_DEPLOYMENT_TARGET = 17.0;
				LOCALIZATION_PREFERS_STRING_CATALOGS = YES;
				MTL_ENABLE_DEBUG_INFO = NO;
				MTL_FAST_MATH = YES;
				SDKROOT = iphoneos;
				SWIFT_COMPILATION_MODE = wholemodule;
				VALIDATE_PRODUCT = YES;
			};
			name = Release;
		};
		BD86E6512A3DB76A00083CED /* Debug */ = {
			isa = XCBuildConfiguration;
			buildSettings = {
				ASSETCATALOG_COMPILER_APPICON_NAME = AppIcon;
				ASSETCATALOG_COMPILER_GLOBAL_ACCENT_COLOR_NAME = AccentColor;
				CODE_SIGN_STYLE = Automatic;
				CURRENT_PROJECT_VERSION = 1;
				DEVELOPMENT_ASSET_PATHS = "\"Magic x 40k/Preview Content\"";
				DEVELOPMENT_TEAM = CB29M8E526;
				ENABLE_PREVIEWS = YES;
				GENERATE_INFOPLIST_FILE = YES;
				INFOPLIST_FILE = "Magic-x-40k-Info.plist";
				INFOPLIST_KEY_UIApplicationSceneManifest_Generation = YES;
				INFOPLIST_KEY_UIApplicationSupportsIndirectInputEvents = YES;
				INFOPLIST_KEY_UILaunchScreen_Generation = YES;
				INFOPLIST_KEY_UISupportedInterfaceOrientations_iPad = "UIInterfaceOrientationPortrait UIInterfaceOrientationPortraitUpsideDown UIInterfaceOrientationLandscapeLeft UIInterfaceOrientationLandscapeRight";
				INFOPLIST_KEY_UISupportedInterfaceOrientations_iPhone = "UIInterfaceOrientationPortrait UIInterfaceOrientationLandscapeLeft UIInterfaceOrientationLandscapeRight";
				IPHONEOS_DEPLOYMENT_TARGET = 17.0;
				LD_RUNPATH_SEARCH_PATHS = (
					"$(inherited)",
					"@executable_path/Frameworks",
				);
				MARKETING_VERSION = 1.0;
				PRODUCT_BUNDLE_IDENTIFIER = "co.jcopeland.Magic-x-40k";
				PRODUCT_NAME = "$(TARGET_NAME)";
				SWIFT_EMIT_LOC_STRINGS = YES;
				SWIFT_VERSION = 5.0;
				TARGETED_DEVICE_FAMILY = "1,2";
			};
			name = Debug;
		};
		BD86E6522A3DB76A00083CED /* Release */ = {
			isa = XCBuildConfiguration;
			buildSettings = {
				ASSETCATALOG_COMPILER_APPICON_NAME = AppIcon;
				ASSETCATALOG_COMPILER_GLOBAL_ACCENT_COLOR_NAME = AccentColor;
				CODE_SIGN_STYLE = Automatic;
				CURRENT_PROJECT_VERSION = 1;
				DEVELOPMENT_ASSET_PATHS = "\"Magic x 40k/Preview Content\"";
				DEVELOPMENT_TEAM = CB29M8E526;
				ENABLE_PREVIEWS = YES;
				GENERATE_INFOPLIST_FILE = YES;
				INFOPLIST_FILE = "Magic-x-40k-Info.plist";
				INFOPLIST_KEY_UIApplicationSceneManifest_Generation = YES;
				INFOPLIST_KEY_UIApplicationSupportsIndirectInputEvents = YES;
				INFOPLIST_KEY_UILaunchScreen_Generation = YES;
				INFOPLIST_KEY_UISupportedInterfaceOrientations_iPad = "UIInterfaceOrientationPortrait UIInterfaceOrientationPortraitUpsideDown UIInterfaceOrientationLandscapeLeft UIInterfaceOrientationLandscapeRight";
				INFOPLIST_KEY_UISupportedInterfaceOrientations_iPhone = "UIInterfaceOrientationPortrait UIInterfaceOrientationLandscapeLeft UIInterfaceOrientationLandscapeRight";
				IPHONEOS_DEPLOYMENT_TARGET = 17.0;
				LD_RUNPATH_SEARCH_PATHS = (
					"$(inherited)",
					"@executable_path/Frameworks",
				);
				MARKETING_VERSION = 1.0;
				PRODUCT_BUNDLE_IDENTIFIER = "co.jcopeland.Magic-x-40k";
				PRODUCT_NAME = "$(TARGET_NAME)";
				SWIFT_EMIT_LOC_STRINGS = YES;
				SWIFT_VERSION = 5.0;
				TARGETED_DEVICE_FAMILY = "1,2";
			};
			name = Release;
		};
/* End XCBuildConfiguration section */

/* Begin XCConfigurationList section */
		BD86E63D2A3DB76800083CED /* Build configuration list for PBXProject "Magic x 40k" */ = {
			isa = XCConfigurationList;
			buildConfigurations = (
				BD86E64E2A3DB76A00083CED /* Debug */,
				BD86E64F2A3DB76A00083CED /* Release */,
			);
			defaultConfigurationIsVisible = 0;
			defaultConfigurationName = Release;
		};
		BD86E6502A3DB76A00083CED /* Build configuration list for PBXNativeTarget "Magic x 40k" */ = {
			isa = XCConfigurationList;
			buildConfigurations = (
				BD86E6512A3DB76A00083CED /* Debug */,
				BD86E6522A3DB76A00083CED /* Release */,
			);
			defaultConfigurationIsVisible = 0;
			defaultConfigurationName = Release;
		};
/* End XCConfigurationList section */
	};
	rootObject = BD86E63A2A3DB76800083CED /* Project object */;
}
